
Microsoft Visual Studio Solution File, Format Version 12.00
# Visual Studio Version 16
VisualStudioVersion = 16.0.30717.126
MinimumVisualStudioVersion = 10.0.40219.1
Project("{9A19103F-16F7-4668-BE54-9A1E7A4F7556}") = "AdminLTE3", "AdminLTE3\AdminLTE3.csproj", "{B4B2A8A5-A039-4981-A49F-45697FCB209B}"
EndProject
Global
	GlobalSection(SolutionConfigurationPlatforms) = preSolution
		Debug|Any CPU = Debug|Any CPU
		Release|Any CPU = Release|Any CPU
	EndGlobalSection
	GlobalSection(ProjectConfigurationPlatforms) = postSolution
		{B4B2A8A5-A039-4981-A49F-45697FCB209B}.Debug|Any CPU.ActiveCfg = Debug|Any CPU
		{B4B2A8A5-A039-4981-A49F-45697FCB209B}.Debug|Any CPU.Build.0 = Debug|Any CPU
		{B4B2A8A5-A039-4981-A49F-45697FCB209B}.Release|Any CPU.ActiveCfg = Release|Any CPU
		{B4B2A8A5-A039-4981-A49F-45697FCB209B}.Release|Any CPU.Build.0 = Release|Any CPU
	EndGlobalSection
	GlobalSection(SolutionProperties) = preSolution
		HideSolutionNode = FALSE
	EndGlobalSection
	GlobalSection(ExtensibilityGlobals) = postSolution
		SolutionGuid = {18766F83-8E50-4BB6-96F6-0C34BDCA1E66}
	EndGlobalSection
EndGlobal
